
Microsoft Visual Studio Solution File, Format Version 12.00
# Visual Studio Version 17
VisualStudioVersion = 17.7.34031.279
MinimumVisualStudioVersion = 10.0.40219.1
Project("{FAE04EC0-301F-11D3-BF4B-00C04F79EFBC}") = "raylib-features", "raylib-features.csproj", "{BB44B8FB-F911-45D0-AC68-47116597B084}"
EndProject
Global
	GlobalSection(SolutionConfigurationPlatforms) = preSolution
		Debug|Any CPU = Debug|Any CPU
		Release|Any CPU = Release|Any CPU
	EndGlobalSection
	GlobalSection(ProjectConfigurationPlatforms) = postSolution
		{BB44B8FB-F911-45D0-AC68-47116597B084}.Debug|Any CPU.ActiveCfg = Debug|Any CPU
		{BB44B8FB-F911-45D0-AC68-47116597B084}.Debug|Any CPU.Build.0 = Debug|Any CPU
		{BB44B8FB-F911-45D0-AC68-47116597B084}.Release|Any CPU.ActiveCfg = Release|Any CPU
		{BB44B8FB-F911-45D0-AC68-47116597B084}.Release|Any CPU.Build.0 = Release|Any CPU
	EndGlobalSection
	GlobalSection(SolutionProperties) = preSolution
		HideSolutionNode = FALSE
	EndGlobalSection
	GlobalSection(ExtensibilityGlobals) = postSolution
		SolutionGuid = {2E3D0858-1A40-4F16-AE7D-85D994C3DB3D}
	EndGlobalSection
EndGlobal
